
Microsoft Visual Studio Solution File, Format Version 12.00
# Visual Studio 14
VisualStudioVersion = 14.0.24720.0
MinimumVisualStudioVersion = 10.0.40219.1
Project("{8BC9CEB8-8B4A-11D0-8D11-00A0C91BC942}") = "UtilityCube", "UtilityCube\UtilityCube.vcxproj", "{9696B190-8A31-45BA-A43E-0287102EF438}"
EndProject
Project("{54435603-DBB4-11D2-8724-00A0C9A8B90C}") = "UtilityCubeV2", "UtilityCubeV2\UtilityCubeV2.vdproj", "{52E68BD0-0CB3-4F73-8A09-1A92A4B561CF}"
EndProject
Global
	GlobalSection(SolutionConfigurationPlatforms) = preSolution
		Debug|x64 = Debug|x64
		Debug|x86 = Debug|x86
		Release|x64 = Release|x64
		Release|x86 = Release|x86
	EndGlobalSection
	GlobalSection(ProjectConfigurationPlatforms) = postSolution
		{9696B190-8A31-45BA-A43E-0287102EF438}.Debug|x64.ActiveCfg = Debug|x64
		{9696B190-8A31-45BA-A43E-0287102EF438}.Debug|x64.Build.0 = Debug|x64
		{9696B190-8A31-45BA-A43E-0287102EF438}.Debug|x86.ActiveCfg = Debug|Win32
		{9696B190-8A31-45BA-A43E-0287102EF438}.Debug|x86.Build.0 = Debug|Win32
		{9696B190-8A31-45BA-A43E-0287102EF438}.Release|x64.ActiveCfg = Release|x64
		{9696B190-8A31-45BA-A43E-0287102EF438}.Release|x64.Build.0 = Release|x64
		{9696B190-8A31-45BA-A43E-0287102EF438}.Release|x86.ActiveCfg = Release|Win32
		{9696B190-8A31-45BA-A43E-0287102EF438}.Release|x86.Build.0 = Release|Win32
		{52E68BD0-0CB3-4F73-8A09-1A92A4B561CF}.Debug|x64.ActiveCfg = Debug
		{52E68BD0-0CB3-4F73-8A09-1A92A4B561CF}.Debug|x86.ActiveCfg = Debug
		{52E68BD0-0CB3-4F73-8A09-1A92A4B561CF}.Release|x64.ActiveCfg = Release
		{52E68BD0-0CB3-4F73-8A09-1A92A4B561CF}.Release|x86.ActiveCfg = Release
	EndGlobalSection
	GlobalSection(SolutionProperties) = preSolution
		HideSolutionNode = FALSE
	EndGlobalSection
EndGlobal
